
Microsoft Visual Studio Solution File, Format Version 12.00
# Visual Studio 15
VisualStudioVersion = 15.0.27428.2037
MinimumVisualStudioVersion = 10.0.40219.1
Project("{8BC9CEB8-8B4A-11D0-8D11-00A0C91BC942}") = "CustomVideoMixer", "CustomVideoMixer\CustomVideoMixer.vcxproj", "{465730C8-22A8-4E4C-A3B6-B7D1F8F6D359}"
EndProject
Project("{2150E333-8FDC-42A3-9474-1A3956D46DE8}") = "Common", "Common", "{97ADAD4A-E363-42CE-95D8-AFE2939F1DE5}"
	ProjectSection(SolutionItems) = preProject
		Common\MFClassFactory.h = Common\MFClassFactory.h
		Common\MFCriticSection.h = Common\MFCriticSection.h
		Common\MFGuid.h = Common\MFGuid.h
		Common\MFLogCommon.h = Common\MFLogCommon.h
		Common\MFLogging.h = Common\MFLogging.h
		Common\MFLogMediaType.h = Common\MFLogMediaType.h
		Common\MFMacro.h = Common\MFMacro.h
		Common\MFRegistry.h = Common\MFRegistry.h
		Common\MFTExternTrace.h = Common\MFTExternTrace.h
		Common\MFTrace.h = Common\MFTrace.h
	EndProjectSection
EndProject
Project("{8BC9CEB8-8B4A-11D0-8D11-00A0C91BC942}") = "TestCustomVideoMixer", "TestCustomVideoMixer\TestCustomVideoMixer.vcxproj", "{DC45D0F4-780B-4B9E-A449-A9B27E176029}"
EndProject
Global
	GlobalSection(SolutionConfigurationPlatforms) = preSolution
		Debug|x64 = Debug|x64
		Debug|x86 = Debug|x86
		Release|x64 = Release|x64
		Release|x86 = Release|x86
	EndGlobalSection
	GlobalSection(ProjectConfigurationPlatforms) = postSolution
		{465730C8-22A8-4E4C-A3B6-B7D1F8F6D359}.Debug|x64.ActiveCfg = Debug|x64
		{465730C8-22A8-4E4C-A3B6-B7D1F8F6D359}.Debug|x64.Build.0 = Debug|x64
		{465730C8-22A8-4E4C-A3B6-B7D1F8F6D359}.Debug|x86.ActiveCfg = Debug|Win32
		{465730C8-22A8-4E4C-A3B6-B7D1F8F6D359}.Debug|x86.Build.0 = Debug|Win32
		{465730C8-22A8-4E4C-A3B6-B7D1F8F6D359}.Release|x64.ActiveCfg = Release|x64
		{465730C8-22A8-4E4C-A3B6-B7D1F8F6D359}.Release|x64.Build.0 = Release|x64
		{465730C8-22A8-4E4C-A3B6-B7D1F8F6D359}.Release|x86.ActiveCfg = Release|Win32
		{465730C8-22A8-4E4C-A3B6-B7D1F8F6D359}.Release|x86.Build.0 = Release|Win32
		{DC45D0F4-780B-4B9E-A449-A9B27E176029}.Debug|x64.ActiveCfg = Debug|x64
		{DC45D0F4-780B-4B9E-A449-A9B27E176029}.Debug|x64.Build.0 = Debug|x64
		{DC45D0F4-780B-4B9E-A449-A9B27E176029}.Debug|x86.ActiveCfg = Debug|Win32
		{DC45D0F4-780B-4B9E-A449-A9B27E176029}.Debug|x86.Build.0 = Debug|Win32
		{DC45D0F4-780B-4B9E-A449-A9B27E176029}.Release|x64.ActiveCfg = Release|x64
		{DC45D0F4-780B-4B9E-A449-A9B27E176029}.Release|x64.Build.0 = Release|x64
		{DC45D0F4-780B-4B9E-A449-A9B27E176029}.Release|x86.ActiveCfg = Release|Win32
		{DC45D0F4-780B-4B9E-A449-A9B27E176029}.Release|x86.Build.0 = Release|Win32
	EndGlobalSection
	GlobalSection(SolutionProperties) = preSolution
		HideSolutionNode = FALSE
	EndGlobalSection
	GlobalSection(ExtensibilityGlobals) = postSolution
		SolutionGuid = {836B91E2-F32C-4E61-9DCD-53B3BF5BD9D8}
	EndGlobalSection
EndGlobal
